
Microsoft Visual Studio Solution File, Format Version 12.00
# Visual Studio Version 17
VisualStudioVersion = 17.8.34322.80
MinimumVisualStudioVersion = 10.0.40219.1
Project("{FAE04EC0-301F-11D3-BF4B-00C04F79EFBC}") = "SensorInputProcessor", "SensorInputProcessor\SensorInputProcessor.csproj", "{C422FD30-0942-4B83-BF99-36ABAAC51CF5}"
EndProject
Global
	GlobalSection(SolutionConfigurationPlatforms) = preSolution
		Debug|Any CPU = Debug|Any CPU
		Release|Any CPU = Release|Any CPU
	EndGlobalSection
	GlobalSection(ProjectConfigurationPlatforms) = postSolution
		{C422FD30-0942-4B83-BF99-36ABAAC51CF5}.Debug|Any CPU.ActiveCfg = Debug|Any CPU
		{C422FD30-0942-4B83-BF99-36ABAAC51CF5}.Debug|Any CPU.Build.0 = Debug|Any CPU
		{C422FD30-0942-4B83-BF99-36ABAAC51CF5}.Release|Any CPU.ActiveCfg = Release|Any CPU
		{C422FD30-0942-4B83-BF99-36ABAAC51CF5}.Release|Any CPU.Build.0 = Release|Any CPU
	EndGlobalSection
	GlobalSection(SolutionProperties) = preSolution
		HideSolutionNode = FALSE
	EndGlobalSection
	GlobalSection(ExtensibilityGlobals) = postSolution
		SolutionGuid = {4BBD8FFF-34B8-4F4E-A3A5-8A2ED837413F}
	EndGlobalSection
EndGlobal
